// !$*UTF8*$!
{
	archiveVersion = 1;
	classes = {
	};
	objectVersion = 50;
	objects = {

/* Begin PBXBuildFile section */
		D219857125B1253D00C62BA6 /* AppDelegate.swift in Sources */ = {isa = PBXBuildFile; fileRef = D219857025B1253D00C62BA6 /* AppDelegate.swift */; };
		D219857325B1253D00C62BA6 /* SceneDelegate.swift in Sources */ = {isa = PBXBuildFile; fileRef = D219857225B1253D00C62BA6 /* SceneDelegate.swift */; };
		D219857525B1253D00C62BA6 /* ViewController.swift in Sources */ = {isa = PBXBuildFile; fileRef = D219857425B1253D00C62BA6 /* ViewController.swift */; };
		D219857825B1253D00C62BA6 /* Main.storyboard in Resources */ = {isa = PBXBuildFile; fileRef = D219857625B1253D00C62BA6 /* Main.storyboard */; };
		D219857A25B1254300C62BA6 /* Assets.xcassets in Resources */ = {isa = PBXBuildFile; fileRef = D219857925B1254300C62BA6 /* Assets.xcassets */; };
		D219857D25B1254300C62BA6 /* LaunchScreen.storyboard in Resources */ = {isa = PBXBuildFile; fileRef = D219857B25B1254300C62BA6 /* LaunchScreen.storyboard */; };
		D24F7E3C25B1360000954B42 /* Split.swift in Sources */ = {isa = PBXBuildFile; fileRef = D24F7E3B25B1360000954B42 /* Split.swift */; };
		D24F7E4225B1373800954B42 /* SplitCalculator.swift in Sources */ = {isa = PBXBuildFile; fileRef = D24F7E4125B1373800954B42 /* SplitCalculator.swift */; };
/* End PBXBuildFile section */

/* Begin PBXFileReference section */
		D219856D25B1253D00C62BA6 /* Typsi App.app */ = {isa = PBXFileReference; explicitFileType = wrapper.application; includeInIndex = 0; path = "Typsi App.app"; sourceTree = BUILT_PRODUCTS_DIR; };
		D219857025B1253D00C62BA6 /* AppDelegate.swift */ = {isa = PBXFileReference; lastKnownFileType = sourcecode.swift; path = AppDelegate.swift; sourceTree = "<group>"; };
		D219857225B1253D00C62BA6 /* SceneDelegate.swift */ = {isa = PBXFileReference; lastKnownFileType = sourcecode.swift; path = SceneDelegate.swift; sourceTree = "<group>"; };
		D219857425B1253D00C62BA6 /* ViewController.swift */ = {isa = PBXFileReference; lastKnownFileType = sourcecode.swift; path = ViewController.swift; sourceTree = "<group>"; };
		D219857725B1253D00C62BA6 /* Base */ = {isa = PBXFileReference; lastKnownFileType = file.storyboard; name = Base; path = Base.lproj/Main.storyboard; sourceTree = "<group>"; };
		D219857925B1254300C62BA6 /* Assets.xcassets */ = {isa = PBXFileReference; lastKnownFileType = folder.assetcatalog; path = Assets.xcassets; sourceTree = "<group>"; };
		D219857C25B1254300C62BA6 /* Base */ = {isa = PBXFileReference; lastKnownFileType = file.storyboard; name = Base; path = Base.lproj/LaunchScreen.storyboard; sourceTree = "<group>"; };
		D219857E25B1254300C62BA6 /* Info.plist */ = {isa = PBXFileReference; lastKnownFileType = text.plist.xml; path = Info.plist; sourceTree = "<group>"; };
		D24F7E3B25B1360000954B42 /* Split.swift */ = {isa = PBXFileReference; lastKnownFileType = sourcecode.swift; path = Split.swift; sourceTree = "<group>"; };
		D24F7E4125B1373800954B42 /* SplitCalculator.swift */ = {isa = PBXFileReference; lastKnownFileType = sourcecode.swift; path = SplitCalculator.swift; sourceTree = "<group>"; };
/* End PBXFileReference section */

/* Begin PBXFrameworksBuildPhase section */
		D219856A25B1253D00C62BA6 /* Frameworks */ = {
			isa = PBXFrameworksBuildPhase;
			buildActionMask = 2147483647;
			files = (
			);
			runOnlyForDeploymentPostprocessing = 0;
		};
/* End PBXFrameworksBuildPhase section */

/* Begin PBXGroup section */
		D219856425B1253D00C62BA6 = {
			isa = PBXGroup;
			children = (
				D219856F25B1253D00C62BA6 /* Typsi App */,
				D219856E25B1253D00C62BA6 /* Products */,
			);
			sourceTree = "<group>";
		};
		D219856E25B1253D00C62BA6 /* Products */ = {
			isa = PBXGroup;
			children = (
				D219856D25B1253D00C62BA6 /* Typsi App.app */,
			);
			name = Products;
			sourceTree = "<group>";
		};
		D219856F25B1253D00C62BA6 /* Typsi App */ = {
			isa = PBXGroup;
			children = (
				D219857025B1253D00C62BA6 /* AppDelegate.swift */,
				D219857225B1253D00C62BA6 /* SceneDelegate.swift */,
				D24F7E3E25B1360500954B42 /* Model */,
				D219858525B125B000C62BA6 /* View */,
				D219858625B125BB00C62BA6 /* Controller */,
				D219857925B1254300C62BA6 /* Assets.xcassets */,
				D219857B25B1254300C62BA6 /* LaunchScreen.storyboard */,
				D219857E25B1254300C62BA6 /* Info.plist */,
			);
			path = "Typsi App";
			sourceTree = "<group>";
		};
		D219858525B125B000C62BA6 /* View */ = {
			isa = PBXGroup;
			children = (
				D219857625B1253D00C62BA6 /* Main.storyboard */,
			);
			path = View;
			sourceTree = "<group>";
		};
		D219858625B125BB00C62BA6 /* Controller */ = {
			isa = PBXGroup;
			children = (
				D219857425B1253D00C62BA6 /* ViewController.swift */,
			);
			path = Controller;
			sourceTree = "<group>";
		};
		D24F7E3E25B1360500954B42 /* Model */ = {
			isa = PBXGroup;
			children = (
				D24F7E3B25B1360000954B42 /* Split.swift */,
				D24F7E4125B1373800954B42 /* SplitCalculator.swift */,
			);
			path = Model;
			sourceTree = "<group>";
		};
/* End PBXGroup section */

/* Begin PBXNativeTarget section */
		D219856C25B1253D00C62BA6 /* Typsi App */ = {
			isa = PBXNativeTarget;
			buildConfigurationList = D219858125B1254300C62BA6 /* Build configuration list for PBXNativeTarget "Typsi App" */;
			buildPhases = (
				D219856925B1253D00C62BA6 /* Sources */,
				D219856A25B1253D00C62BA6 /* Frameworks */,
				D219856B25B1253D00C62BA6 /* Resources */,
			);
			buildRules = (
			);
			dependencies = (
			);
			name = "Typsi App";
			productName = "Typsi App";
			productReference = D219856D25B1253D00C62BA6 /* Typsi App.app */;
			productType = "com.apple.product-type.application";
		};
/* End PBXNativeTarget section */

/* Begin PBXProject section */
		D219856525B1253D00C62BA6 /* Project object */ = {
			isa = PBXProject;
			attributes = {
				LastSwiftUpdateCheck = 1230;
				LastUpgradeCheck = 1230;
				TargetAttributes = {
					D219856C25B1253D00C62BA6 = {
						CreatedOnToolsVersion = 12.3;
					};
				};
			};
			buildConfigurationList = D219856825B1253D00C62BA6 /* Build configuration list for PBXProject "Typsi App" */;
			compatibilityVersion = "Xcode 9.3";
			developmentRegion = en;
			hasScannedForEncodings = 0;
			knownRegions = (
				en,
				Base,
			);
			mainGroup = D219856425B1253D00C62BA6;
			productRefGroup = D219856E25B1253D00C62BA6 /* Products */;
			projectDirPath = "";
			projectRoot = "";
			targets = (
				D219856C25B1253D00C62BA6 /* Typsi App */,
			);
		};
/* End PBXProject section */

/* Begin PBXResourcesBuildPhase section */
		D219856B25B1253D00C62BA6 /* Resources */ = {
			isa = PBXResourcesBuildPhase;
			buildActionMask = 2147483647;
			files = (
				D219857D25B1254300C62BA6 /* LaunchScreen.storyboard in Resources */,
				D219857A25B1254300C62BA6 /* Assets.xcassets in Resources */,
				D219857825B1253D00C62BA6 /* Main.storyboard in Resources */,
			);
			runOnlyForDeploymentPostprocessing = 0;
		};
/* End PBXResourcesBuildPhase section */

/* Begin PBXSourcesBuildPhase section */
		D219856925B1253D00C62BA6 /* Sources */ = {
			isa = PBXSourcesBuildPhase;
			buildActionMask = 2147483647;
			files = (
				D219857525B1253D00C62BA6 /* ViewController.swift in Sources */,
				D24F7E4225B1373800954B42 /* SplitCalculator.swift in Sources */,
				D219857125B1253D00C62BA6 /* AppDelegate.swift in Sources */,
				D24F7E3C25B1360000954B42 /* Split.swift in Sources */,
				D219857325B1253D00C62BA6 /* SceneDelegate.swift in Sources */,
			);
			runOnlyForDeploymentPostprocessing = 0;
		};
/* End PBXSourcesBuildPhase section */

/* Begin PBXVariantGroup section */
		D219857625B1253D00C62BA6 /* Main.storyboard */ = {
			isa = PBXVariantGroup;
			children = (
				D219857725B1253D00C62BA6 /* Base */,
			);
			name = Main.storyboard;
			sourceTree = "<group>";
		};
		D219857B25B1254300C62BA6 /* LaunchScreen.storyboard */ = {
			isa = PBXVariantGroup;
			children = (
				D219857C25B1254300C62BA6 /* Base */,
			);
			name = LaunchScreen.storyboard;
			sourceTree = "<group>";
		};
/* End PBXVariantGroup section */

/* Begin XCBuildConfiguration section */
		D219857F25B1254300C62BA6 /* Debug */ = {
			isa = XCBuildConfiguration;
			buildSettings = {
				ALWAYS_SEARCH_USER_PATHS = NO;
				CLANG_ANALYZER_NONNULL = YES;
				CLANG_ANALYZER_NUMBER_OBJECT_CONVERSION = YES_AGGRESSIVE;
				CLANG_CXX_LANGUAGE_STANDARD = "gnu++14";
				CLANG_CXX_LIBRARY = "libc++";
				CLANG_ENABLE_MODULES = YES;
				CLANG_ENABLE_OBJC_ARC = YES;
				CLANG_ENABLE_OBJC_WEAK = YES;
				CLANG_WARN_BLOCK_CAPTURE_AUTORELEASING = YES;
				CLANG_WARN_BOOL_CONVERSION = YES;
				CLANG_WARN_COMMA = YES;
				CLANG_WARN_CONSTANT_CONVERSION = YES;
				CLANG_WARN_DEPRECATED_OBJC_IMPLEMENTATIONS = YES;
				CLANG_WARN_DIRECT_OBJC_ISA_USAGE = YES_ERROR;
				CLANG_WARN_DOCUMENTATION_COMMENTS = YES;
				CLANG_WARN_EMPTY_BODY = YES;
				CLANG_WARN_ENUM_CONVERSION = YES;
				CLANG_WARN_INFINITE_RECURSION = YES;
				CLANG_WARN_INT_CONVERSION = YES;
				CLANG_WARN_NON_LITERAL_NULL_CONVERSION = YES;
				CLANG_WARN_OBJC_IMPLICIT_RETAIN_SELF = YES;
				CLANG_WARN_OBJC_LITERAL_CONVERSION = YES;
				CLANG_WARN_OBJC_ROOT_CLASS = YES_ERROR;
				CLANG_WARN_QUOTED_INCLUDE_IN_FRAMEWORK_HEADER = YES;
				CLANG_WARN_RANGE_LOOP_ANALYSIS = YES;
				CLANG_WARN_STRICT_PROTOTYPES = YES;
				CLANG_WARN_SUSPICIOUS_MOVE = YES;
				CLANG_WARN_UNGUARDED_AVAILABILITY = YES_AGGRESSIVE;
				CLANG_WARN_UNREACHABLE_CODE = YES;
				CLANG_WARN__DUPLICATE_METHOD_MATCH = YES;
				COPY_PHASE_STRIP = NO;
				DEBUG_INFORMATION_FORMAT = dwarf;
				ENABLE_STRICT_OBJC_MSGSEND = YES;
				ENABLE_TESTABILITY = YES;
				GCC_C_LANGUAGE_STANDARD = gnu11;
				GCC_DYNAMIC_NO_PIC = NO;
				GCC_NO_COMMON_BLOCKS = YES;
				GCC_OPTIMIZATION_LEVEL = 0;
				GCC_PREPROCESSOR_DEFINITIONS = (
					"DEBUG=1",
					"$(inherited)",
				);
				GCC_WARN_64_TO_32_BIT_CONVERSION = YES;
				GCC_WARN_ABOUT_RETURN_TYPE = YES_ERROR;
				GCC_WARN_UNDECLARED_SELECTOR = YES;
				GCC_WARN_UNINITIALIZED_AUTOS = YES_AGGRESSIVE;
				GCC_WARN_UNUSED_FUNCTION = YES;
				GCC_WARN_UNUSED_VARIABLE = YES;
				IPHONEOS_DEPLOYMENT_TARGET = 14.3;
				MTL_ENABLE_DEBUG_INFO = INCLUDE_SOURCE;
				MTL_FAST_MATH = YES;
				ONLY_ACTIVE_ARCH = YES;
				SDKROOT = iphoneos;
				SWIFT_ACTIVE_COMPILATION_CONDITIONS = DEBUG;
				SWIFT_OPTIMIZATION_LEVEL = "-Onone";
			};
			name = Debug;
		};
		D219858025B1254300C62BA6 /* Release */ = {
			isa = XCBuildConfiguration;
			buildSettings = {
				ALWAYS_SEARCH_USER_PATHS = NO;
				CLANG_ANALYZER_NONNULL = YES;
				CLANG_ANALYZER_NUMBER_OBJECT_CONVERSION = YES_AGGRESSIVE;
				CLANG_CXX_LANGUAGE_STANDARD = "gnu++14";
				CLANG_CXX_LIBRARY = "libc++";
				CLANG_ENABLE_MODULES = YES;
				CLANG_ENABLE_OBJC_ARC = YES;
				CLANG_ENABLE_OBJC_WEAK = YES;
				CLANG_WARN_BLOCK_CAPTURE_AUTORELEASING = YES;
				CLANG_WARN_BOOL_CONVERSION = YES;
				CLANG_WARN_COMMA = YES;
				CLANG_WARN_CONSTANT_CONVERSION = YES;
				CLANG_WARN_DEPRECATED_OBJC_IMPLEMENTATIONS = YES;
				CLANG_WARN_DIRECT_OBJC_ISA_USAGE = YES_ERROR;
				CLANG_WARN_DOCUMENTATION_COMMENTS = YES;
				CLANG_WARN_EMPTY_BODY = YES;
				CLANG_WARN_ENUM_CONVERSION = YES;
				CLANG_WARN_INFINITE_RECURSION = YES;
				CLANG_WARN_INT_CONVERSION = YES;
				CLANG_WARN_NON_LITERAL_NULL_CONVERSION = YES;
				CLANG_WARN_OBJC_IMPLICIT_RETAIN_SELF = YES;
				CLANG_WARN_OBJC_LITERAL_CONVERSION = YES;
				CLANG_WARN_OBJC_ROOT_CLASS = YES_ERROR;
				CLANG_WARN_QUOTED_INCLUDE_IN_FRAMEWORK_HEADER = YES;
				CLANG_WARN_RANGE_LOOP_ANALYSIS = YES;
				CLANG_WARN_STRICT_PROTOTYPES = YES;
				CLANG_WARN_SUSPICIOUS_MOVE = YES;
				CLANG_WARN_UNGUARDED_AVAILABILITY = YES_AGGRESSIVE;
				CLANG_WARN_UNREACHABLE_CODE = YES;
				CLANG_WARN__DUPLICATE_METHOD_MATCH = YES;
				COPY_PHASE_STRIP = NO;
				DEBUG_INFORMATION_FORMAT = "dwarf-with-dsym";
				ENABLE_NS_ASSERTIONS = NO;
				ENABLE_STRICT_OBJC_MSGSEND = YES;
				GCC_C_LANGUAGE_STANDARD = gnu11;
				GCC_NO_COMMON_BLOCKS = YES;
				GCC_WARN_64_TO_32_BIT_CONVERSION = YES;
				GCC_WARN_ABOUT_RETURN_TYPE = YES_ERROR;
				GCC_WARN_UNDECLARED_SELECTOR = YES;
				GCC_WARN_UNINITIALIZED_AUTOS = YES_AGGRESSIVE;
				GCC_WARN_UNUSED_FUNCTION = YES;
				GCC_WARN_UNUSED_VARIABLE = YES;
				IPHONEOS_DEPLOYMENT_TARGET = 14.3;
				MTL_ENABLE_DEBUG_INFO = NO;
				MTL_FAST_MATH = YES;
				SDKROOT = iphoneos;
				SWIFT_COMPILATION_MODE = wholemodule;
				SWIFT_OPTIMIZATION_LEVEL = "-O";
				VALIDATE_PRODUCT = YES;
			};
			name = Release;
		};
		D219858225B1254300C62BA6 /* Debug */ = {
			isa = XCBuildConfiguration;
			buildSettings = {
				ASSETCATALOG_COMPILER_APPICON_NAME = AppIcon;
				ASSETCATALOG_COMPILER_GLOBAL_ACCENT_COLOR_NAME = AccentColor;
				CODE_SIGN_STYLE = Automatic;
				DEVELOPMENT_TEAM = UN3FYV6BQC;
				INFOPLIST_FILE = "Typsi App/Info.plist";
				LD_RUNPATH_SEARCH_PATHS = (
					"$(inherited)",
					"@executable_path/Frameworks",
				);
				PRODUCT_BUNDLE_IDENTIFIER = "com.bramdont.Typsi-App";
				PRODUCT_NAME = "$(TARGET_NAME)";
				SWIFT_VERSION = 5.0;
				TARGETED_DEVICE_FAMILY = "1,2";
			};
			name = Debug;
		};
		D219858325B1254300C62BA6 /* Release */ = {
			isa = XCBuildConfiguration;
			buildSettings = {
				ASSETCATALOG_COMPILER_APPICON_NAME = AppIcon;
				ASSETCATALOG_COMPILER_GLOBAL_ACCENT_COLOR_NAME = AccentColor;
				CODE_SIGN_STYLE = Automatic;
				DEVELOPMENT_TEAM = UN3FYV6BQC;
				INFOPLIST_FILE = "Typsi App/Info.plist";
				LD_RUNPATH_SEARCH_PATHS = (
					"$(inherited)",
					"@executable_path/Frameworks",
				);
				PRODUCT_BUNDLE_IDENTIFIER = "com.bramdont.Typsi-App";
				PRODUCT_NAME = "$(TARGET_NAME)";
				SWIFT_VERSION = 5.0;
				TARGETED_DEVICE_FAMILY = "1,2";
			};
			name = Release;
		};
/* End XCBuildConfiguration section */

/* Begin XCConfigurationList section */
		D219856825B1253D00C62BA6 /* Build configuration list for PBXProject "Typsi App" */ = {
			isa = XCConfigurationList;
			buildConfigurations = (
				D219857F25B1254300C62BA6 /* Debug */,
				D219858025B1254300C62BA6 /* Release */,
			);
			defaultConfigurationIsVisible = 0;
			defaultConfigurationName = Release;
		};
		D219858125B1254300C62BA6 /* Build configuration list for PBXNativeTarget "Typsi App" */ = {
			isa = XCConfigurationList;
			buildConfigurations = (
				D219858225B1254300C62BA6 /* Debug */,
				D219858325B1254300C62BA6 /* Release */,
			);
			defaultConfigurationIsVisible = 0;
			defaultConfigurationName = Release;
		};
/* End XCConfigurationList section */
	};
	rootObject = D219856525B1253D00C62BA6 /* Project object */;
}
